// !$*UTF8*$!
{
	archiveVersion = 1;
	classes = {
	};
	objectVersion = 46;
	objects = {

/* Begin PBXBuildFile section */
		41DB7B6F1B518B65005CF66D /* AppDelegate.swift in Sources */ = {isa = PBXBuildFile; fileRef = 41DB7B6E1B518B65005CF66D /* AppDelegate.swift */; };
		41DB7B711B518B65005CF66D /* ViewController.swift in Sources */ = {isa = PBXBuildFile; fileRef = 41DB7B701B518B65005CF66D /* ViewController.swift */; };
		41DB7B741B518B65005CF66D /* Main.storyboard in Resources */ = {isa = PBXBuildFile; fileRef = 41DB7B721B518B65005CF66D /* Main.storyboard */; };
		41DB7B761B518B65005CF66D /* Images.xcassets in Resources */ = {isa = PBXBuildFile; fileRef = 41DB7B751B518B65005CF66D /* Images.xcassets */; };
		41DB7B791B518B65005CF66D /* LaunchScreen.xib in Resources */ = {isa = PBXBuildFile; fileRef = 41DB7B771B518B65005CF66D /* LaunchScreen.xib */; };
		41DB7B851B518B65005CF66D /* DrawingAppTests.swift in Sources */ = {isa = PBXBuildFile; fileRef = 41DB7B841B518B65005CF66D /* DrawingAppTests.swift */; };
/* End PBXBuildFile section */

/* Begin PBXContainerItemProxy section */
		41DB7B7F1B518B65005CF66D /* PBXContainerItemProxy */ = {
			isa = PBXContainerItemProxy;
			containerPortal = 41DB7B611B518B65005CF66D /* Project object */;
			proxyType = 1;
			remoteGlobalIDString = 41DB7B681B518B65005CF66D;
			remoteInfo = DrawingApp;
		};
/* End PBXContainerItemProxy section */

/* Begin PBXFileReference section */
		41DB7B691B518B65005CF66D /* DrawingApp.app */ = {isa = PBXFileReference; explicitFileType = wrapper.application; includeInIndex = 0; path = DrawingApp.app; sourceTree = BUILT_PRODUCTS_DIR; };
		41DB7B6D1B518B65005CF66D /* Info.plist */ = {isa = PBXFileReference; lastKnownFileType = text.plist.xml; path = Info.plist; sourceTree = "<group>"; };
		41DB7B6E1B518B65005CF66D /* AppDelegate.swift */ = {isa = PBXFileReference; lastKnownFileType = sourcecode.swift; path = AppDelegate.swift; sourceTree = "<group>"; };
		41DB7B701B518B65005CF66D /* ViewController.swift */ = {isa = PBXFileReference; lastKnownFileType = sourcecode.swift; path = ViewController.swift; sourceTree = "<group>"; };
		41DB7B731B518B65005CF66D /* Base */ = {isa = PBXFileReference; lastKnownFileType = file.storyboard; name = Base; path = Base.lproj/Main.storyboard; sourceTree = "<group>"; };
		41DB7B751B518B65005CF66D /* Images.xcassets */ = {isa = PBXFileReference; lastKnownFileType = folder.assetcatalog; path = Images.xcassets; sourceTree = "<group>"; };
		41DB7B781B518B65005CF66D /* Base */ = {isa = PBXFileReference; lastKnownFileType = file.xib; name = Base; path = Base.lproj/LaunchScreen.xib; sourceTree = "<group>"; };
		41DB7B7E1B518B65005CF66D /* DrawingAppTests.xctest */ = {isa = PBXFileReference; explicitFileType = wrapper.cfbundle; includeInIndex = 0; path = DrawingAppTests.xctest; sourceTree = BUILT_PRODUCTS_DIR; };
		41DB7B831B518B65005CF66D /* Info.plist */ = {isa = PBXFileReference; lastKnownFileType = text.plist.xml; path = Info.plist; sourceTree = "<group>"; };
		41DB7B841B518B65005CF66D /* DrawingAppTests.swift */ = {isa = PBXFileReference; lastKnownFileType = sourcecode.swift; path = DrawingAppTests.swift; sourceTree = "<group>"; };
/* End PBXFileReference section */

/* Begin PBXFrameworksBuildPhase section */
		41DB7B661B518B65005CF66D /* Frameworks */ = {
			isa = PBXFrameworksBuildPhase;
			buildActionMask = 2147483647;
			files = (
			);
			runOnlyForDeploymentPostprocessing = 0;
		};
		41DB7B7B1B518B65005CF66D /* Frameworks */ = {
			isa = PBXFrameworksBuildPhase;
			buildActionMask = 2147483647;
			files = (
			);
			runOnlyForDeploymentPostprocessing = 0;
		};
/* End PBXFrameworksBuildPhase section */

/* Begin PBXGroup section */
		41DB7B601B518B65005CF66D = {
			isa = PBXGroup;
			children = (
				41DB7B6B1B518B65005CF66D /* DrawingApp */,
				41DB7B811B518B65005CF66D /* DrawingAppTests */,
				41DB7B6A1B518B65005CF66D /* Products */,
			);
			sourceTree = "<group>";
		};
		41DB7B6A1B518B65005CF66D /* Products */ = {
			isa = PBXGroup;
			children = (
				41DB7B691B518B65005CF66D /* DrawingApp.app */,
				41DB7B7E1B518B65005CF66D /* DrawingAppTests.xctest */,
			);
			name = Products;
			sourceTree = "<group>";
		};
		41DB7B6B1B518B65005CF66D /* DrawingApp */ = {
			isa = PBXGroup;
			children = (
				41DB7B6E1B518B65005CF66D /* AppDelegate.swift */,
				41DB7B701B518B65005CF66D /* ViewController.swift */,
				41DB7B721B518B65005CF66D /* Main.storyboard */,
				41DB7B751B518B65005CF66D /* Images.xcassets */,
				41DB7B771B518B65005CF66D /* LaunchScreen.xib */,
				41DB7B6C1B518B65005CF66D /* Supporting Files */,
			);
			path = DrawingApp;
			sourceTree = "<group>";
		};
		41DB7B6C1B518B65005CF66D /* Supporting Files */ = {
			isa = PBXGroup;
			children = (
				41DB7B6D1B518B65005CF66D /* Info.plist */,
			);
			name = "Supporting Files";
			sourceTree = "<group>";
		};
		41DB7B811B518B65005CF66D /* DrawingAppTests */ = {
			isa = PBXGroup;
			children = (
				41DB7B841B518B65005CF66D /* DrawingAppTests.swift */,
				41DB7B821B518B65005CF66D /* Supporting Files */,
			);
			path = DrawingAppTests;
			sourceTree = "<group>";
		};
		41DB7B821B518B65005CF66D /* Supporting Files */ = {
			isa = PBXGroup;
			children = (
				41DB7B831B518B65005CF66D /* Info.plist */,
			);
			name = "Supporting Files";
			sourceTree = "<group>";
		};
/* End PBXGroup section */

/* Begin PBXNativeTarget section */
		41DB7B681B518B65005CF66D /* DrawingApp */ = {
			isa = PBXNativeTarget;
			buildConfigurationList = 41DB7B881B518B65005CF66D /* Build configuration list for PBXNativeTarget "DrawingApp" */;
			buildPhases = (
				41DB7B651B518B65005CF66D /* Sources */,
				41DB7B661B518B65005CF66D /* Frameworks */,
				41DB7B671B518B65005CF66D /* Resources */,
			);
			buildRules = (
			);
			dependencies = (
			);
			name = DrawingApp;
			productName = DrawingApp;
			productReference = 41DB7B691B518B65005CF66D /* DrawingApp.app */;
			productType = "com.apple.product-type.application";
		};
		41DB7B7D1B518B65005CF66D /* DrawingAppTests */ = {
			isa = PBXNativeTarget;
			buildConfigurationList = 41DB7B8B1B518B65005CF66D /* Build configuration list for PBXNativeTarget "DrawingAppTests" */;
			buildPhases = (
				41DB7B7A1B518B65005CF66D /* Sources */,
				41DB7B7B1B518B65005CF66D /* Frameworks */,
				41DB7B7C1B518B65005CF66D /* Resources */,
			);
			buildRules = (
			);
			dependencies = (
				41DB7B801B518B65005CF66D /* PBXTargetDependency */,
			);
			name = DrawingAppTests;
			productName = DrawingAppTests;
			productReference = 41DB7B7E1B518B65005CF66D /* DrawingAppTests.xctest */;
			productType = "com.apple.product-type.bundle.unit-test";
		};
/* End PBXNativeTarget section */

/* Begin PBXProject section */
		41DB7B611B518B65005CF66D /* Project object */ = {
			isa = PBXProject;
			attributes = {
				LastUpgradeCheck = 0630;
				ORGANIZATIONNAME = "Magnus International";
				TargetAttributes = {
					41DB7B681B518B65005CF66D = {
						CreatedOnToolsVersion = 6.3.2;
					};
					41DB7B7D1B518B65005CF66D = {
						CreatedOnToolsVersion = 6.3.2;
						TestTargetID = 41DB7B681B518B65005CF66D;
					};
				};
			};
			buildConfigurationList = 41DB7B641B518B65005CF66D /* Build configuration list for PBXProject "DrawingApp" */;
			compatibilityVersion = "Xcode 3.2";
			developmentRegion = English;
			hasScannedForEncodings = 0;
			knownRegions = (
				en,
				Base,
			);
			mainGroup = 41DB7B601B518B65005CF66D;
			productRefGroup = 41DB7B6A1B518B65005CF66D /* Products */;
			projectDirPath = "";
			projectRoot = "";
			targets = (
				41DB7B681B518B65005CF66D /* DrawingApp */,
				41DB7B7D1B518B65005CF66D /* DrawingAppTests */,
			);
		};
/* End PBXProject section */

/* Begin PBXResourcesBuildPhase section */
		41DB7B671B518B65005CF66D /* Resources */ = {
			isa = PBXResourcesBuildPhase;
			buildActionMask = 2147483647;
			files = (
				41DB7B741B518B65005CF66D /* Main.storyboard in Resources */,
				41DB7B791B518B65005CF66D /* LaunchScreen.xib in Resources */,
				41DB7B761B518B65005CF66D /* Images.xcassets in Resources */,
			);
			runOnlyForDeploymentPostprocessing = 0;
		};
		41DB7B7C1B518B65005CF66D /* Resources */ = {
			isa = PBXResourcesBuildPhase;
			buildActionMask = 2147483647;
			files = (
			);
			runOnlyForDeploymentPostprocessing = 0;
		};
/* End PBXResourcesBuildPhase section */

/* Begin PBXSourcesBuildPhase section */
		41DB7B651B518B65005CF66D /* Sources */ = {
			isa = PBXSourcesBuildPhase;
			buildActionMask = 2147483647;
			files = (
				41DB7B711B518B65005CF66D /* ViewController.swift in Sources */,
				41DB7B6F1B518B65005CF66D /* AppDelegate.swift in Sources */,
			);
			runOnlyForDeploymentPostprocessing = 0;
		};
		41DB7B7A1B518B65005CF66D /* Sources */ = {
			isa = PBXSourcesBuildPhase;
			buildActionMask = 2147483647;
			files = (
				41DB7B851B518B65005CF66D /* DrawingAppTests.swift in Sources */,
			);
			runOnlyForDeploymentPostprocessing = 0;
		};
/* End PBXSourcesBuildPhase section */

/* Begin PBXTargetDependency section */
		41DB7B801B518B65005CF66D /* PBXTargetDependency */ = {
			isa = PBXTargetDependency;
			target = 41DB7B681B518B65005CF66D /* DrawingApp */;
			targetProxy = 41DB7B7F1B518B65005CF66D /* PBXContainerItemProxy */;
		};
/* End PBXTargetDependency section */

/* Begin PBXVariantGroup section */
		41DB7B721B518B65005CF66D /* Main.storyboard */ = {
			isa = PBXVariantGroup;
			children = (
				41DB7B731B518B65005CF66D /* Base */,
			);
			name = Main.storyboard;
			sourceTree = "<group>";
		};
		41DB7B771B518B65005CF66D /* LaunchScreen.xib */ = {
			isa = PBXVariantGroup;
			children = (
				41DB7B781B518B65005CF66D /* Base */,
			);
			name = LaunchScreen.xib;
			sourceTree = "<group>";
		};
/* End PBXVariantGroup section */

/* Begin XCBuildConfiguration section */
		41DB7B861B518B65005CF66D /* Debug */ = {
			isa = XCBuildConfiguration;
			buildSettings = {
				ALWAYS_SEARCH_USER_PATHS = NO;
				CLANG_CXX_LANGUAGE_STANDARD = "gnu++0x";
				CLANG_CXX_LIBRARY = "libc++";
				CLANG_ENABLE_MODULES = YES;
				CLANG_ENABLE_OBJC_ARC = YES;
				CLANG_WARN_BOOL_CONVERSION = YES;
				CLANG_WARN_CONSTANT_CONVERSION = YES;
				CLANG_WARN_DIRECT_OBJC_ISA_USAGE = YES_ERROR;
				CLANG_WARN_EMPTY_BODY = YES;
				CLANG_WARN_ENUM_CONVERSION = YES;
				CLANG_WARN_INT_CONVERSION = YES;
				CLANG_WARN_OBJC_ROOT_CLASS = YES_ERROR;
				CLANG_WARN_UNREACHABLE_CODE = YES;
				CLANG_WARN__DUPLICATE_METHOD_MATCH = YES;
				"CODE_SIGN_IDENTITY[sdk=iphoneos*]" = "iPhone Developer";
				COPY_PHASE_STRIP = NO;
				DEBUG_INFORMATION_FORMAT = "dwarf-with-dsym";
				ENABLE_STRICT_OBJC_MSGSEND = YES;
				GCC_C_LANGUAGE_STANDARD = gnu99;
				GCC_DYNAMIC_NO_PIC = NO;
				GCC_NO_COMMON_BLOCKS = YES;
				GCC_OPTIMIZATION_LEVEL = 0;
				GCC_PREPROCESSOR_DEFINITIONS = (
					"DEBUG=1",
					"$(inherited)",
				);
				GCC_SYMBOLS_PRIVATE_EXTERN = NO;
				GCC_WARN_64_TO_32_BIT_CONVERSION = YES;
				GCC_WARN_ABOUT_RETURN_TYPE = YES_ERROR;
				GCC_WARN_UNDECLARED_SELECTOR = YES;
				GCC_WARN_UNINITIALIZED_AUTOS = YES_AGGRESSIVE;
				GCC_WARN_UNUSED_FUNCTION = YES;
				GCC_WARN_UNUSED_VARIABLE = YES;
				IPHONEOS_DEPLOYMENT_TARGET = 8.3;
				MTL_ENABLE_DEBUG_INFO = YES;
				ONLY_ACTIVE_ARCH = YES;
				SDKROOT = iphoneos;
				SWIFT_OPTIMIZATION_LEVEL = "-Onone";
			};
			name = Debug;
		};
		41DB7B871B518B65005CF66D /* Release */ = {
			isa = XCBuildConfiguration;
			buildSettings = {
				ALWAYS_SEARCH_USER_PATHS = NO;
				CLANG_CXX_LANGUAGE_STANDARD = "gnu++0x";
				CLANG_CXX_LIBRARY = "libc++";
				CLANG_ENABLE_MODULES = YES;
				CLANG_ENABLE_OBJC_ARC = YES;
				CLANG_WARN_BOOL_CONVERSION = YES;
				CLANG_WARN_CONSTANT_CONVERSION = YES;
				CLANG_WARN_DIRECT_OBJC_ISA_USAGE = YES_ERROR;
				CLANG_WARN_EMPTY_BODY = YES;
				CLANG_WARN_ENUM_CONVERSION = YES;
				CLANG_WARN_INT_CONVERSION = YES;
				CLANG_WARN_OBJC_ROOT_CLASS = YES_ERROR;
				CLANG_WARN_UNREACHABLE_CODE = YES;
				CLANG_WARN__DUPLICATE_METHOD_MATCH = YES;
				"CODE_SIGN_IDENTITY[sdk=iphoneos*]" = "iPhone Developer";
				COPY_PHASE_STRIP = NO;
				DEBUG_INFORMATION_FORMAT = "dwarf-with-dsym";
				ENABLE_NS_ASSERTIONS = NO;
				ENABLE_STRICT_OBJC_MSGSEND = YES;
				GCC_C_LANGUAGE_STANDARD = gnu99;
				GCC_NO_COMMON_BLOCKS = YES;
				GCC_WARN_64_TO_32_BIT_CONVERSION = YES;
				GCC_WARN_ABOUT_RETURN_TYPE = YES_ERROR;
				GCC_WARN_UNDECLARED_SELECTOR = YES;
				GCC_WARN_UNINITIALIZED_AUTOS = YES_AGGRESSIVE;
				GCC_WARN_UNUSED_FUNCTION = YES;
				GCC_WARN_UNUSED_VARIABLE = YES;
				IPHONEOS_DEPLOYMENT_TARGET = 8.3;
				MTL_ENABLE_DEBUG_INFO = NO;
				SDKROOT = iphoneos;
				VALIDATE_PRODUCT = YES;
			};
			name = Release;
		};
		41DB7B891B518B65005CF66D /* Debug */ = {
			isa = XCBuildConfiguration;
			buildSettings = {
				ASSETCATALOG_COMPILER_APPICON_NAME = AppIcon;
				INFOPLIST_FILE = DrawingApp/Info.plist;
				LD_RUNPATH_SEARCH_PATHS = "$(inherited) @executable_path/Frameworks";
				PRODUCT_NAME = "$(TARGET_NAME)";
			};
			name = Debug;
		};
		41DB7B8A1B518B65005CF66D /* Release */ = {
			isa = XCBuildConfiguration;
			buildSettings = {
				ASSETCATALOG_COMPILER_APPICON_NAME = AppIcon;
				INFOPLIST_FILE = DrawingApp/Info.plist;
				LD_RUNPATH_SEARCH_PATHS = "$(inherited) @executable_path/Frameworks";
				PRODUCT_NAME = "$(TARGET_NAME)";
			};
			name = Release;
		};
		41DB7B8C1B518B65005CF66D /* Debug */ = {
			isa = XCBuildConfiguration;
			buildSettings = {
				BUNDLE_LOADER = "$(TEST_HOST)";
				FRAMEWORK_SEARCH_PATHS = (
					"$(SDKROOT)/Developer/Library/Frameworks",
					"$(inherited)",
				);
				GCC_PREPROCESSOR_DEFINITIONS = (
					"DEBUG=1",
					"$(inherited)",
				);
				INFOPLIST_FILE = DrawingAppTests/Info.plist;
				LD_RUNPATH_SEARCH_PATHS = "$(inherited) @executable_path/Frameworks @loader_path/Frameworks";
				PRODUCT_NAME = "$(TARGET_NAME)";
				TEST_HOST = "$(BUILT_PRODUCTS_DIR)/DrawingApp.app/DrawingApp";
			};
			name = Debug;
		};
		41DB7B8D1B518B65005CF66D /* Release */ = {
			isa = XCBuildConfiguration;
			buildSettings = {
				BUNDLE_LOADER = "$(TEST_HOST)";
				FRAMEWORK_SEARCH_PATHS = (
					"$(SDKROOT)/Developer/Library/Frameworks",
					"$(inherited)",
				);
				INFOPLIST_FILE = DrawingAppTests/Info.plist;
				LD_RUNPATH_SEARCH_PATHS = "$(inherited) @executable_path/Frameworks @loader_path/Frameworks";
				PRODUCT_NAME = "$(TARGET_NAME)";
				TEST_HOST = "$(BUILT_PRODUCTS_DIR)/DrawingApp.app/DrawingApp";
			};
			name = Release;
		};
/* End XCBuildConfiguration section */

/* Begin XCConfigurationList section */
		41DB7B641B518B65005CF66D /* Build configuration list for PBXProject "DrawingApp" */ = {
			isa = XCConfigurationList;
			buildConfigurations = (
				41DB7B861B518B65005CF66D /* Debug */,
				41DB7B871B518B65005CF66D /* Release */,
			);
			defaultConfigurationIsVisible = 0;
			defaultConfigurationName = Release;
		};
		41DB7B881B518B65005CF66D /* Build configuration list for PBXNativeTarget "DrawingApp" */ = {
			isa = XCConfigurationList;
			buildConfigurations = (
				41DB7B891B518B65005CF66D /* Debug */,
				41DB7B8A1B518B65005CF66D /* Release */,
			);
			defaultConfigurationIsVisible = 0;
		};
		41DB7B8B1B518B65005CF66D /* Build configuration list for PBXNativeTarget "DrawingAppTests" */ = {
			isa = XCConfigurationList;
			buildConfigurations = (
				41DB7B8C1B518B65005CF66D /* Debug */,
				41DB7B8D1B518B65005CF66D /* Release */,
			);
			defaultConfigurationIsVisible = 0;
		};
/* End XCConfigurationList section */
	};
	rootObject = 41DB7B611B518B65005CF66D /* Project object */;
}
